
Microsoft Visual Studio Solution File, Format Version 12.00
# Visual Studio Version 17
VisualStudioVersion = 17.7.34031.279
MinimumVisualStudioVersion = 10.0.40219.1
Project("{FAE04EC0-301F-11D3-BF4B-00C04F79EFBC}") = "TheMovies", "TheMovies\TheMovies.csproj", "{AC1E3365-A031-48EF-BD9E-E2062C4E1D7E}"
EndProject
Global
	GlobalSection(SolutionConfigurationPlatforms) = preSolution
		Debug|Any CPU = Debug|Any CPU
		Release|Any CPU = Release|Any CPU
	EndGlobalSection
	GlobalSection(ProjectConfigurationPlatforms) = postSolution
		{AC1E3365-A031-48EF-BD9E-E2062C4E1D7E}.Debug|Any CPU.ActiveCfg = Debug|Any CPU
		{AC1E3365-A031-48EF-BD9E-E2062C4E1D7E}.Debug|Any CPU.Build.0 = Debug|Any CPU
		{AC1E3365-A031-48EF-BD9E-E2062C4E1D7E}.Release|Any CPU.ActiveCfg = Release|Any CPU
		{AC1E3365-A031-48EF-BD9E-E2062C4E1D7E}.Release|Any CPU.Build.0 = Release|Any CPU
	EndGlobalSection
	GlobalSection(SolutionProperties) = preSolution
		HideSolutionNode = FALSE
	EndGlobalSection
	GlobalSection(ExtensibilityGlobals) = postSolution
		SolutionGuid = {8D8861BB-0205-42EF-9897-A68E078D5251}
	EndGlobalSection
EndGlobal
